
Microsoft Visual Studio Solution File, Format Version 12.00
# Visual Studio Version 17
VisualStudioVersion = 17.13.35931.197 d17.13
MinimumVisualStudioVersion = 10.0.40219.1
Project("{FAE04EC0-301F-11D3-BF4B-00C04F79EFBC}") = "LeapMotion.Net", "LeapMotion.Net.csproj", "{8D7B02D3-ED27-493B-9728-B58E4BB08A01}"
EndProject
Global
	GlobalSection(SolutionConfigurationPlatforms) = preSolution
		Debug|Any CPU = Debug|Any CPU
		Release|Any CPU = Release|Any CPU
	EndGlobalSection
	GlobalSection(ProjectConfigurationPlatforms) = postSolution
		{8D7B02D3-ED27-493B-9728-B58E4BB08A01}.Debug|Any CPU.ActiveCfg = Debug|Any CPU
		{8D7B02D3-ED27-493B-9728-B58E4BB08A01}.Debug|Any CPU.Build.0 = Debug|Any CPU
		{8D7B02D3-ED27-493B-9728-B58E4BB08A01}.Release|Any CPU.ActiveCfg = Release|Any CPU
		{8D7B02D3-ED27-493B-9728-B58E4BB08A01}.Release|Any CPU.Build.0 = Release|Any CPU
	EndGlobalSection
	GlobalSection(SolutionProperties) = preSolution
		HideSolutionNode = FALSE
	EndGlobalSection
	GlobalSection(ExtensibilityGlobals) = postSolution
		SolutionGuid = {2F80C87A-B325-4EC6-88FE-88D863934463}
	EndGlobalSection
EndGlobal
